
Microsoft Visual Studio Solution File, Format Version 12.00
# Visual Studio Version 17
VisualStudioVersion = 17.0.31919.166
MinimumVisualStudioVersion = 10.0.40219.1
Project("{FAE04EC0-301F-11D3-BF4B-00C04F79EFBC}") = "GrpcNet6", "GrpcNet6\GrpcNet6.csproj", "{3B56F432-5D2E-479D-AA8E-99C2CAF0A23F}"
EndProject
Project("{FAE04EC0-301F-11D3-BF4B-00C04F79EFBC}") = "gRPCClient", "gRPCClient\gRPCClient.csproj", "{668ACF4E-BD53-4CEA-B47B-B6535F132F8B}"
EndProject
Global
	GlobalSection(SolutionConfigurationPlatforms) = preSolution
		Debug|Any CPU = Debug|Any CPU
		Release|Any CPU = Release|Any CPU
	EndGlobalSection
	GlobalSection(ProjectConfigurationPlatforms) = postSolution
		{3B56F432-5D2E-479D-AA8E-99C2CAF0A23F}.Debug|Any CPU.ActiveCfg = Debug|Any CPU
		{3B56F432-5D2E-479D-AA8E-99C2CAF0A23F}.Debug|Any CPU.Build.0 = Debug|Any CPU
		{3B56F432-5D2E-479D-AA8E-99C2CAF0A23F}.Release|Any CPU.ActiveCfg = Release|Any CPU
		{3B56F432-5D2E-479D-AA8E-99C2CAF0A23F}.Release|Any CPU.Build.0 = Release|Any CPU
		{668ACF4E-BD53-4CEA-B47B-B6535F132F8B}.Debug|Any CPU.ActiveCfg = Debug|Any CPU
		{668ACF4E-BD53-4CEA-B47B-B6535F132F8B}.Debug|Any CPU.Build.0 = Debug|Any CPU
		{668ACF4E-BD53-4CEA-B47B-B6535F132F8B}.Release|Any CPU.ActiveCfg = Release|Any CPU
		{668ACF4E-BD53-4CEA-B47B-B6535F132F8B}.Release|Any CPU.Build.0 = Release|Any CPU
	EndGlobalSection
	GlobalSection(SolutionProperties) = preSolution
		HideSolutionNode = FALSE
	EndGlobalSection
	GlobalSection(ExtensibilityGlobals) = postSolution
		SolutionGuid = {F5C6B71B-4EA0-4E7E-B8CE-782578273B9B}
	EndGlobalSection
EndGlobal
